
Microsoft Visual Studio Solution File, Format Version 10.00
# Visual Studio 2008
Project("{FAE04EC0-301F-11D3-BF4B-00C04F79EFBC}") = "EvolvingPythagoreansTheorem", "EvolvingPythagoreansTheorem\EvolvingPythagoreansTheorem.csproj", "{3032C51B-B9B1-4CD9-95FE-884F45F0AB85}"
EndProject
Project("{FAE04EC0-301F-11D3-BF4B-00C04F79EFBC}") = "Tests", "Tests\Tests.csproj", "{0253E400-7D7D-4AC9-A4D1-8822CD6E8FAF}"
EndProject
Global
	GlobalSection(SolutionConfigurationPlatforms) = preSolution
		Debug|Any CPU = Debug|Any CPU
		Release|Any CPU = Release|Any CPU
	EndGlobalSection
	GlobalSection(ProjectConfigurationPlatforms) = postSolution
		{3032C51B-B9B1-4CD9-95FE-884F45F0AB85}.Debug|Any CPU.ActiveCfg = Debug|Any CPU
		{3032C51B-B9B1-4CD9-95FE-884F45F0AB85}.Debug|Any CPU.Build.0 = Debug|Any CPU
		{3032C51B-B9B1-4CD9-95FE-884F45F0AB85}.Release|Any CPU.ActiveCfg = Release|Any CPU
		{3032C51B-B9B1-4CD9-95FE-884F45F0AB85}.Release|Any CPU.Build.0 = Release|Any CPU
		{0253E400-7D7D-4AC9-A4D1-8822CD6E8FAF}.Debug|Any CPU.ActiveCfg = Debug|Any CPU
		{0253E400-7D7D-4AC9-A4D1-8822CD6E8FAF}.Debug|Any CPU.Build.0 = Debug|Any CPU
		{0253E400-7D7D-4AC9-A4D1-8822CD6E8FAF}.Release|Any CPU.ActiveCfg = Release|Any CPU
		{0253E400-7D7D-4AC9-A4D1-8822CD6E8FAF}.Release|Any CPU.Build.0 = Release|Any CPU
	EndGlobalSection
	GlobalSection(SolutionProperties) = preSolution
		HideSolutionNode = FALSE
	EndGlobalSection
EndGlobal
